Microsoft Visual Studio Solution File, Format Version 12.00
# Visual Studio 15
VisualStudioVersion = 15.0.26730.15
MinimumVisualStudioVersion = 10.0.40219.1
Project("{FAE04EC0-301F-11D3-BF4B-00C04F79EFBC}") = "XamarinFormsPresentations", "XamarinFormsPresentations\XamarinFormsPresentations.csproj", "{D0D6054C-8316-45AD-9C82-D4362CD076E3}"
EndProject
Project("{FAE04EC0-301F-11D3-BF4B-00C04F79EFBC}") = "XamarinFormsPresentations.iOS", "iOS\XamarinFormsPresentations.iOS.csproj", "{7D32E0B5-869F-4EA0-8995-6DED58079269}"
EndProject
Project("{FAE04EC0-301F-11D3-BF4B-00C04F79EFBC}") = "XamarinFormsPresentations.Droid", "Droid\XamarinFormsPresentations.Droid.csproj", "{CAC8C1CD-EA63-4904-B6BF-9C1942CCE646}"
EndProject
Global
	GlobalSection(SolutionConfigurationPlatforms) = preSolution
		Debug|Any CPU = Debug|Any CPU
		Debug|iPhone = Debug|iPhone
		Debug|iPhoneSimulator = Debug|iPhoneSimulator
		Release|Any CPU = Release|Any CPU
		Release|iPhone = Release|iPhone
		Release|iPhoneSimulator = Release|iPhoneSimulator
	EndGlobalSection
	GlobalSection(ProjectConfigurationPlatforms) = postSolution
		{D0D6054C-8316-45AD-9C82-D4362CD076E3}.Debug|Any CPU.ActiveCfg = Debug|Any CPU
		{D0D6054C-8316-45AD-9C82-D4362CD076E3}.Debug|Any CPU.Build.0 = Debug|Any CPU
		{D0D6054C-8316-45AD-9C82-D4362CD076E3}.Debug|iPhone.ActiveCfg = Debug|Any CPU
		{D0D6054C-8316-45AD-9C82-D4362CD076E3}.Debug|iPhone.Build.0 = Debug|Any CPU
		{D0D6054C-8316-45AD-9C82-D4362CD076E3}.Debug|iPhoneSimulator.ActiveCfg = Debug|Any CPU
		{D0D6054C-8316-45AD-9C82-D4362CD076E3}.Debug|iPhoneSimulator.Build.0 = Debug|Any CPU
		{D0D6054C-8316-45AD-9C82-D4362CD076E3}.Release|Any CPU.ActiveCfg = Release|Any CPU
		{D0D6054C-8316-45AD-9C82-D4362CD076E3}.Release|Any CPU.Build.0 = Release|Any CPU
		{D0D6054C-8316-45AD-9C82-D4362CD076E3}.Release|iPhone.ActiveCfg = Release|Any CPU
		{D0D6054C-8316-45AD-9C82-D4362CD076E3}.Release|iPhone.Build.0 = Release|Any CPU
		{D0D6054C-8316-45AD-9C82-D4362CD076E3}.Release|iPhoneSimulator.ActiveCfg = Release|Any CPU
		{D0D6054C-8316-45AD-9C82-D4362CD076E3}.Release|iPhoneSimulator.Build.0 = Release|Any CPU
		{7D32E0B5-869F-4EA0-8995-6DED58079269}.Debug|Any CPU.ActiveCfg = Debug|iPhoneSimulator
		{7D32E0B5-869F-4EA0-8995-6DED58079269}.Debug|Any CPU.Build.0 = Debug|iPhoneSimulator
		{7D32E0B5-869F-4EA0-8995-6DED58079269}.Debug|iPhone.ActiveCfg = Debug|iPhone
		{7D32E0B5-869F-4EA0-8995-6DED58079269}.Debug|iPhone.Build.0 = Debug|iPhone
		{7D32E0B5-869F-4EA0-8995-6DED58079269}.Debug|iPhoneSimulator.ActiveCfg = Debug|iPhoneSimulator
		{7D32E0B5-869F-4EA0-8995-6DED58079269}.Debug|iPhoneSimulator.Build.0 = Debug|iPhoneSimulator
		{7D32E0B5-869F-4EA0-8995-6DED58079269}.Release|Any CPU.ActiveCfg = Release|iPhone
		{7D32E0B5-869F-4EA0-8995-6DED58079269}.Release|Any CPU.Build.0 = Release|iPhone
		{7D32E0B5-869F-4EA0-8995-6DED58079269}.Release|iPhone.ActiveCfg = Release|iPhone
		{7D32E0B5-869F-4EA0-8995-6DED58079269}.Release|iPhone.Build.0 = Release|iPhone
		{7D32E0B5-869F-4EA0-8995-6DED58079269}.Release|iPhoneSimulator.ActiveCfg = Release|iPhoneSimulator
		{7D32E0B5-869F-4EA0-8995-6DED58079269}.Release|iPhoneSimulator.Build.0 = Release|iPhoneSimulator
		{CAC8C1CD-EA63-4904-B6BF-9C1942CCE646}.Debug|Any CPU.ActiveCfg = Debug|Any CPU
		{CAC8C1CD-EA63-4904-B6BF-9C1942CCE646}.Debug|Any CPU.Build.0 = Debug|Any CPU
		{CAC8C1CD-EA63-4904-B6BF-9C1942CCE646}.Debug|Any CPU.Deploy.0 = Debug|Any CPU
		{CAC8C1CD-EA63-4904-B6BF-9C1942CCE646}.Debug|iPhone.ActiveCfg = Debug|Any CPU
		{CAC8C1CD-EA63-4904-B6BF-9C1942CCE646}.Debug|iPhone.Build.0 = Debug|Any CPU
		{CAC8C1CD-EA63-4904-B6BF-9C1942CCE646}.Debug|iPhoneSimulator.ActiveCfg = Debug|Any CPU
		{CAC8C1CD-EA63-4904-B6BF-9C1942CCE646}.Debug|iPhoneSimulator.Build.0 = Debug|Any CPU
		{CAC8C1CD-EA63-4904-B6BF-9C1942CCE646}.Release|Any CPU.ActiveCfg = Release|Any CPU
		{CAC8C1CD-EA63-4904-B6BF-9C1942CCE646}.Release|Any CPU.Build.0 = Release|Any CPU
		{CAC8C1CD-EA63-4904-B6BF-9C1942CCE646}.Release|iPhone.ActiveCfg = Release|Any CPU
		{CAC8C1CD-EA63-4904-B6BF-9C1942CCE646}.Release|iPhone.Build.0 = Release|Any CPU
		{CAC8C1CD-EA63-4904-B6BF-9C1942CCE646}.Release|iPhoneSimulator.ActiveCfg = Release|Any CPU
		{CAC8C1CD-EA63-4904-B6BF-9C1942CCE646}.Release|iPhoneSimulator.Build.0 = Release|Any CPU
	EndGlobalSection
	GlobalSection(SolutionProperties) = preSolution
		HideSolutionNode = FALSE
	EndGlobalSection
	GlobalSection(ExtensibilityGlobals) = postSolution
		SolutionGuid = {F0620698-300D-4B3E-AB7A-2DE67AF88D75}
	EndGlobalSection
EndGlobal
